
Microsoft Visual Studio Solution File, Format Version 12.00
Project("{FAE04EC0-301F-11D3-BF4B-00C04F79EFBC}") = "ProjectInOtherSolution", "ProjectInOtherSolution.csproj", "{5D805289-077B-4C9A-A410-36C27D99CA0D}"
EndProject
Global
	GlobalSection(SolutionConfigurationPlatforms) = preSolution
		Debug|Any CPU = Debug|Any CPU
		Release|Any CPU = Release|Any CPU
	EndGlobalSection
	GlobalSection(ProjectConfigurationPlatforms) = postSolution
		{5D805289-077B-4C9A-A410-36C27D99CA0D}.Debug|Any CPU.ActiveCfg = Debug|Any CPU
		{5D805289-077B-4C9A-A410-36C27D99CA0D}.Debug|Any CPU.Build.0 = Debug|Any CPU
		{5D805289-077B-4C9A-A410-36C27D99CA0D}.Release|Any CPU.ActiveCfg = Release|Any CPU
		{5D805289-077B-4C9A-A410-36C27D99CA0D}.Release|Any CPU.Build.0 = Release|Any CPU
	EndGlobalSection
EndGlobal
